
Microsoft Visual Studio Solution File, Format Version 12.00
# Visual Studio Version 16
VisualStudioVersion = 16.0.29215.179
MinimumVisualStudioVersion = 10.0.40219.1
Project("{FAE04EC0-301F-11D3-BF4B-00C04F79EFBC}") = "LaurelSextonAboutMeApp.UWP", "LaurelSextonAboutMeApp\LaurelSextonAboutMeApp.UWP\LaurelSextonAboutMeApp.UWP.csproj", "{64E9A85B-F720-4012-B823-36C9D21547EB}"
EndProject
Project("{FAE04EC0-301F-11D3-BF4B-00C04F79EFBC}") = "LaurelSextonAboutMeApp.Android", "LaurelSextonAboutMeApp\LaurelSextonAboutMeApp.Android\LaurelSextonAboutMeApp.Android.csproj", "{BC8B2E61-F9D5-4375-B1A2-BC231C083FA1}"
EndProject
Project("{FAE04EC0-301F-11D3-BF4B-00C04F79EFBC}") = "LaurelSextonAboutMeApp.iOS", "LaurelSextonAboutMeApp\LaurelSextonAboutMeApp.iOS\LaurelSextonAboutMeApp.iOS.csproj", "{C53A86F6-0977-44D2-BE0A-AFD6771A34E2}"
EndProject
Project("{FAE04EC0-301F-11D3-BF4B-00C04F79EFBC}") = "LaurelSextonAboutMeApp", "LaurelSextonAboutMeApp\LaurelSextonAboutMeApp\LaurelSextonAboutMeApp.csproj", "{4C1A3DD2-BE73-4494-95CA-B485A8D8236B}"
EndProject
Global
	GlobalSection(SolutionConfigurationPlatforms) = preSolution
		Debug|Any CPU = Debug|Any CPU
		Debug|ARM = Debug|ARM
		Debug|iPhone = Debug|iPhone
		Debug|iPhoneSimulator = Debug|iPhoneSimulator
		Debug|x64 = Debug|x64
		Debug|x86 = Debug|x86
		Release|Any CPU = Release|Any CPU
		Release|ARM = Release|ARM
		Release|iPhone = Release|iPhone
		Release|iPhoneSimulator = Release|iPhoneSimulator
		Release|x64 = Release|x64
		Release|x86 = Release|x86
	EndGlobalSection
	GlobalSection(ProjectConfigurationPlatforms) = postSolution
		{64E9A85B-F720-4012-B823-36C9D21547EB}.Debug|Any CPU.ActiveCfg = Debug|x86
		{64E9A85B-F720-4012-B823-36C9D21547EB}.Debug|Any CPU.Build.0 = Debug|x86
		{64E9A85B-F720-4012-B823-36C9D21547EB}.Debug|Any CPU.Deploy.0 = Debug|x86
		{64E9A85B-F720-4012-B823-36C9D21547EB}.Debug|ARM.ActiveCfg = Debug|ARM
		{64E9A85B-F720-4012-B823-36C9D21547EB}.Debug|ARM.Build.0 = Debug|ARM
		{64E9A85B-F720-4012-B823-36C9D21547EB}.Debug|ARM.Deploy.0 = Debug|ARM
		{64E9A85B-F720-4012-B823-36C9D21547EB}.Debug|iPhone.ActiveCfg = Debug|x86
		{64E9A85B-F720-4012-B823-36C9D21547EB}.Debug|iPhone.Build.0 = Debug|x86
		{64E9A85B-F720-4012-B823-36C9D21547EB}.Debug|iPhone.Deploy.0 = Debug|x86
		{64E9A85B-F720-4012-B823-36C9D21547EB}.Debug|iPhoneSimulator.ActiveCfg = Debug|x86
		{64E9A85B-F720-4012-B823-36C9D21547EB}.Debug|iPhoneSimulator.Build.0 = Debug|x86
		{64E9A85B-F720-4012-B823-36C9D21547EB}.Debug|iPhoneSimulator.Deploy.0 = Debug|x86
		{64E9A85B-F720-4012-B823-36C9D21547EB}.Debug|x64.ActiveCfg = Debug|x64
		{64E9A85B-F720-4012-B823-36C9D21547EB}.Debug|x64.Build.0 = Debug|x64
		{64E9A85B-F720-4012-B823-36C9D21547EB}.Debug|x64.Deploy.0 = Debug|x64
		{64E9A85B-F720-4012-B823-36C9D21547EB}.Debug|x86.ActiveCfg = Debug|x86
		{64E9A85B-F720-4012-B823-36C9D21547EB}.Debug|x86.Build.0 = Debug|x86
		{64E9A85B-F720-4012-B823-36C9D21547EB}.Debug|x86.Deploy.0 = Debug|x86
		{64E9A85B-F720-4012-B823-36C9D21547EB}.Release|Any CPU.ActiveCfg = Release|x86
		{64E9A85B-F720-4012-B823-36C9D21547EB}.Release|Any CPU.Build.0 = Release|x86
		{64E9A85B-F720-4012-B823-36C9D21547EB}.Release|Any CPU.Deploy.0 = Release|x86
		{64E9A85B-F720-4012-B823-36C9D21547EB}.Release|ARM.ActiveCfg = Release|ARM
		{64E9A85B-F720-4012-B823-36C9D21547EB}.Release|ARM.Build.0 = Release|ARM
		{64E9A85B-F720-4012-B823-36C9D21547EB}.Release|ARM.Deploy.0 = Release|ARM
		{64E9A85B-F720-4012-B823-36C9D21547EB}.Release|iPhone.ActiveCfg = Release|x86
		{64E9A85B-F720-4012-B823-36C9D21547EB}.Release|iPhone.Build.0 = Release|x86
		{64E9A85B-F720-4012-B823-36C9D21547EB}.Release|iPhone.Deploy.0 = Release|x86
		{64E9A85B-F720-4012-B823-36C9D21547EB}.Release|iPhoneSimulator.ActiveCfg = Release|x86
		{64E9A85B-F720-4012-B823-36C9D21547EB}.Release|iPhoneSimulator.Build.0 = Release|x86
		{64E9A85B-F720-4012-B823-36C9D21547EB}.Release|iPhoneSimulator.Deploy.0 = Release|x86
		{64E9A85B-F720-4012-B823-36C9D21547EB}.Release|x64.ActiveCfg = Release|x64
		{64E9A85B-F720-4012-B823-36C9D21547EB}.Release|x64.Build.0 = Release|x64
		{64E9A85B-F720-4012-B823-36C9D21547EB}.Release|x64.Deploy.0 = Release|x64
		{64E9A85B-F720-4012-B823-36C9D21547EB}.Release|x86.ActiveCfg = Release|x86
		{64E9A85B-F720-4012-B823-36C9D21547EB}.Release|x86.Build.0 = Release|x86
		{64E9A85B-F720-4012-B823-36C9D21547EB}.Release|x86.Deploy.0 = Release|x86
		{BC8B2E61-F9D5-4375-B1A2-BC231C083FA1}.Debug|Any CPU.ActiveCfg = Debug|Any CPU
		{BC8B2E61-F9D5-4375-B1A2-BC231C083FA1}.Debug|Any CPU.Build.0 = Debug|Any CPU
		{BC8B2E61-F9D5-4375-B1A2-BC231C083FA1}.Debug|Any CPU.Deploy.0 = Debug|Any CPU
		{BC8B2E61-F9D5-4375-B1A2-BC231C083FA1}.Debug|ARM.ActiveCfg = Debug|Any CPU
		{BC8B2E61-F9D5-4375-B1A2-BC231C083FA1}.Debug|ARM.Build.0 = Debug|Any CPU
		{BC8B2E61-F9D5-4375-B1A2-BC231C083FA1}.Debug|ARM.Deploy.0 = Debug|Any CPU
		{BC8B2E61-F9D5-4375-B1A2-BC231C083FA1}.Debug|iPhone.ActiveCfg = Debug|Any CPU
		{BC8B2E61-F9D5-4375-B1A2-BC231C083FA1}.Debug|iPhone.Build.0 = Debug|Any CPU
		{BC8B2E61-F9D5-4375-B1A2-BC231C083FA1}.Debug|iPhone.Deploy.0 = Debug|Any CPU
		{BC8B2E61-F9D5-4375-B1A2-BC231C083FA1}.Debug|iPhoneSimulator.ActiveCfg = Debug|Any CPU
		{BC8B2E61-F9D5-4375-B1A2-BC231C083FA1}.Debug|iPhoneSimulator.Build.0 = Debug|Any CPU
		{BC8B2E61-F9D5-4375-B1A2-BC231C083FA1}.Debug|iPhoneSimulator.Deploy.0 = Debug|Any CPU
		{BC8B2E61-F9D5-4375-B1A2-BC231C083FA1}.Debug|x64.ActiveCfg = Debug|Any CPU
		{BC8B2E61-F9D5-4375-B1A2-BC231C083FA1}.Debug|x64.Build.0 = Debug|Any CPU
		{BC8B2E61-F9D5-4375-B1A2-BC231C083FA1}.Debug|x64.Deploy.0 = Debug|Any CPU
		{BC8B2E61-F9D5-4375-B1A2-BC231C083FA1}.Debug|x86.ActiveCfg = Debug|Any CPU
		{BC8B2E61-F9D5-4375-B1A2-BC231C083FA1}.Debug|x86.Build.0 = Debug|Any CPU
		{BC8B2E61-F9D5-4375-B1A2-BC231C083FA1}.Debug|x86.Deploy.0 = Debug|Any CPU
		{BC8B2E61-F9D5-4375-B1A2-BC231C083FA1}.Release|Any CPU.ActiveCfg = Release|Any CPU
		{BC8B2E61-F9D5-4375-B1A2-BC231C083FA1}.Release|Any CPU.Build.0 = Release|Any CPU
		{BC8B2E61-F9D5-4375-B1A2-BC231C083FA1}.Release|Any CPU.Deploy.0 = Release|Any CPU
		{BC8B2E61-F9D5-4375-B1A2-BC231C083FA1}.Release|ARM.ActiveCfg = Release|Any CPU
		{BC8B2E61-F9D5-4375-B1A2-BC231C083FA1}.Release|ARM.Build.0 = Release|Any CPU
		{BC8B2E61-F9D5-4375-B1A2-BC231C083FA1}.Release|ARM.Deploy.0 = Release|Any CPU
		{BC8B2E61-F9D5-4375-B1A2-BC231C083FA1}.Release|iPhone.ActiveCfg = Release|Any CPU
		{BC8B2E61-F9D5-4375-B1A2-BC231C083FA1}.Release|iPhone.Build.0 = Release|Any CPU
		{BC8B2E61-F9D5-4375-B1A2-BC231C083FA1}.Release|iPhone.Deploy.0 = Release|Any CPU
		{BC8B2E61-F9D5-4375-B1A2-BC231C083FA1}.Release|iPhoneSimulator.ActiveCfg = Release|Any CPU
		{BC8B2E61-F9D5-4375-B1A2-BC231C083FA1}.Release|iPhoneSimulator.Build.0 = Release|Any CPU
		{BC8B2E61-F9D5-4375-B1A2-BC231C083FA1}.Release|iPhoneSimulator.Deploy.0 = Release|Any CPU
		{BC8B2E61-F9D5-4375-B1A2-BC231C083FA1}.Release|x64.ActiveCfg = Release|Any CPU
		{BC8B2E61-F9D5-4375-B1A2-BC231C083FA1}.Release|x64.Build.0 = Release|Any CPU
		{BC8B2E61-F9D5-4375-B1A2-BC231C083FA1}.Release|x64.Deploy.0 = Release|Any CPU
		{BC8B2E61-F9D5-4375-B1A2-BC231C083FA1}.Release|x86.ActiveCfg = Release|Any CPU
		{BC8B2E61-F9D5-4375-B1A2-BC231C083FA1}.Release|x86.Build.0 = Release|Any CPU
		{BC8B2E61-F9D5-4375-B1A2-BC231C083FA1}.Release|x86.Deploy.0 = Release|Any CPU
		{C53A86F6-0977-44D2-BE0A-AFD6771A34E2}.Debug|Any CPU.ActiveCfg = Debug|iPhone
		{C53A86F6-0977-44D2-BE0A-AFD6771A34E2}.Debug|Any CPU.Deploy.0 = Debug|iPhone
		{C53A86F6-0977-44D2-BE0A-AFD6771A34E2}.Debug|ARM.ActiveCfg = Debug|iPhoneSimulator
		{C53A86F6-0977-44D2-BE0A-AFD6771A34E2}.Debug|ARM.Build.0 = Debug|iPhoneSimulator
		{C53A86F6-0977-44D2-BE0A-AFD6771A34E2}.Debug|ARM.Deploy.0 = Debug|iPhoneSimulator
		{C53A86F6-0977-44D2-BE0A-AFD6771A34E2}.Debug|iPhone.ActiveCfg = Debug|iPhone
		{C53A86F6-0977-44D2-BE0A-AFD6771A34E2}.Debug|iPhone.Build.0 = Debug|iPhone
		{C53A86F6-0977-44D2-BE0A-AFD6771A34E2}.Debug|iPhone.Deploy.0 = Debug|iPhone
		{C53A86F6-0977-44D2-BE0A-AFD6771A34E2}.Debug|iPhoneSimulator.ActiveCfg = Debug|iPhoneSimulator
		{C53A86F6-0977-44D2-BE0A-AFD6771A34E2}.Debug|iPhoneSimulator.Build.0 = Debug|iPhoneSimulator
		{C53A86F6-0977-44D2-BE0A-AFD6771A34E2}.Debug|iPhoneSimulator.Deploy.0 = Debug|iPhoneSimulator
		{C53A86F6-0977-44D2-BE0A-AFD6771A34E2}.Debug|x64.ActiveCfg = Debug|iPhone
		{C53A86F6-0977-44D2-BE0A-AFD6771A34E2}.Debug|x64.Build.0 = Debug|iPhone
		{C53A86F6-0977-44D2-BE0A-AFD6771A34E2}.Debug|x64.Deploy.0 = Debug|iPhone
		{C53A86F6-0977-44D2-BE0A-AFD6771A34E2}.Debug|x86.ActiveCfg = Debug|iPhone
		{C53A86F6-0977-44D2-BE0A-AFD6771A34E2}.Debug|x86.Build.0 = Debug|iPhone
		{C53A86F6-0977-44D2-BE0A-AFD6771A34E2}.Debug|x86.Deploy.0 = Debug|iPhone
		{C53A86F6-0977-44D2-BE0A-AFD6771A34E2}.Release|Any CPU.ActiveCfg = Release|iPhone
		{C53A86F6-0977-44D2-BE0A-AFD6771A34E2}.Release|Any CPU.Build.0 = Release|iPhone
		{C53A86F6-0977-44D2-BE0A-AFD6771A34E2}.Release|Any CPU.Deploy.0 = Release|iPhone
		{C53A86F6-0977-44D2-BE0A-AFD6771A34E2}.Release|ARM.ActiveCfg = Release|iPhone
		{C53A86F6-0977-44D2-BE0A-AFD6771A34E2}.Release|ARM.Build.0 = Release|iPhone
		{C53A86F6-0977-44D2-BE0A-AFD6771A34E2}.Release|ARM.Deploy.0 = Release|iPhone
		{C53A86F6-0977-44D2-BE0A-AFD6771A34E2}.Release|iPhone.ActiveCfg = Release|iPhone
		{C53A86F6-0977-44D2-BE0A-AFD6771A34E2}.Release|iPhone.Build.0 = Release|iPhone
		{C53A86F6-0977-44D2-BE0A-AFD6771A34E2}.Release|iPhone.Deploy.0 = Release|iPhone
		{C53A86F6-0977-44D2-BE0A-AFD6771A34E2}.Release|iPhoneSimulator.ActiveCfg = Release|iPhoneSimulator
		{C53A86F6-0977-44D2-BE0A-AFD6771A34E2}.Release|iPhoneSimulator.Build.0 = Release|iPhoneSimulator
		{C53A86F6-0977-44D2-BE0A-AFD6771A34E2}.Release|iPhoneSimulator.Deploy.0 = Release|iPhoneSimulator
		{C53A86F6-0977-44D2-BE0A-AFD6771A34E2}.Release|x64.ActiveCfg = Release|iPhone
		{C53A86F6-0977-44D2-BE0A-AFD6771A34E2}.Release|x64.Build.0 = Release|iPhone
		{C53A86F6-0977-44D2-BE0A-AFD6771A34E2}.Release|x64.Deploy.0 = Release|iPhone
		{C53A86F6-0977-44D2-BE0A-AFD6771A34E2}.Release|x86.ActiveCfg = Release|iPhone
		{C53A86F6-0977-44D2-BE0A-AFD6771A34E2}.Release|x86.Build.0 = Release|iPhone
		{C53A86F6-0977-44D2-BE0A-AFD6771A34E2}.Release|x86.Deploy.0 = Release|iPhone
		{4C1A3DD2-BE73-4494-95CA-B485A8D8236B}.Debug|Any CPU.ActiveCfg = Debug|Any CPU
		{4C1A3DD2-BE73-4494-95CA-B485A8D8236B}.Debug|Any CPU.Build.0 = Debug|Any CPU
		{4C1A3DD2-BE73-4494-95CA-B485A8D8236B}.Debug|Any CPU.Deploy.0 = Debug|Any CPU
		{4C1A3DD2-BE73-4494-95CA-B485A8D8236B}.Debug|ARM.ActiveCfg = Debug|Any CPU
		{4C1A3DD2-BE73-4494-95CA-B485A8D8236B}.Debug|ARM.Build.0 = Debug|Any CPU
		{4C1A3DD2-BE73-4494-95CA-B485A8D8236B}.Debug|ARM.Deploy.0 = Debug|Any CPU
		{4C1A3DD2-BE73-4494-95CA-B485A8D8236B}.Debug|iPhone.ActiveCfg = Debug|Any CPU
		{4C1A3DD2-BE73-4494-95CA-B485A8D8236B}.Debug|iPhone.Build.0 = Debug|Any CPU
		{4C1A3DD2-BE73-4494-95CA-B485A8D8236B}.Debug|iPhone.Deploy.0 = Debug|Any CPU
		{4C1A3DD2-BE73-4494-95CA-B485A8D8236B}.Debug|iPhoneSimulator.ActiveCfg = Debug|Any CPU
		{4C1A3DD2-BE73-4494-95CA-B485A8D8236B}.Debug|iPhoneSimulator.Build.0 = Debug|Any CPU
		{4C1A3DD2-BE73-4494-95CA-B485A8D8236B}.Debug|iPhoneSimulator.Deploy.0 = Debug|Any CPU
		{4C1A3DD2-BE73-4494-95CA-B485A8D8236B}.Debug|x64.ActiveCfg = Debug|Any CPU
		{4C1A3DD2-BE73-4494-95CA-B485A8D8236B}.Debug|x64.Build.0 = Debug|Any CPU
		{4C1A3DD2-BE73-4494-95CA-B485A8D8236B}.Debug|x64.Deploy.0 = Debug|Any CPU
		{4C1A3DD2-BE73-4494-95CA-B485A8D8236B}.Debug|x86.ActiveCfg = Debug|Any CPU
		{4C1A3DD2-BE73-4494-95CA-B485A8D8236B}.Debug|x86.Build.0 = Debug|Any CPU
		{4C1A3DD2-BE73-4494-95CA-B485A8D8236B}.Debug|x86.Deploy.0 = Debug|Any CPU
		{4C1A3DD2-BE73-4494-95CA-B485A8D8236B}.Release|Any CPU.ActiveCfg = Release|Any CPU
		{4C1A3DD2-BE73-4494-95CA-B485A8D8236B}.Release|Any CPU.Build.0 = Release|Any CPU
		{4C1A3DD2-BE73-4494-95CA-B485A8D8236B}.Release|Any CPU.Deploy.0 = Release|Any CPU
		{4C1A3DD2-BE73-4494-95CA-B485A8D8236B}.Release|ARM.ActiveCfg = Release|Any CPU
		{4C1A3DD2-BE73-4494-95CA-B485A8D8236B}.Release|ARM.Build.0 = Release|Any CPU
		{4C1A3DD2-BE73-4494-95CA-B485A8D8236B}.Release|ARM.Deploy.0 = Release|Any CPU
		{4C1A3DD2-BE73-4494-95CA-B485A8D8236B}.Release|iPhone.ActiveCfg = Release|Any CPU
		{4C1A3DD2-BE73-4494-95CA-B485A8D8236B}.Release|iPhone.Build.0 = Release|Any CPU
		{4C1A3DD2-BE73-4494-95CA-B485A8D8236B}.Release|iPhone.Deploy.0 = Release|Any CPU
		{4C1A3DD2-BE73-4494-95CA-B485A8D8236B}.Release|iPhoneSimulator.ActiveCfg = Release|Any CPU
		{4C1A3DD2-BE73-4494-95CA-B485A8D8236B}.Release|iPhoneSimulator.Build.0 = Release|Any CPU
		{4C1A3DD2-BE73-4494-95CA-B485A8D8236B}.Release|iPhoneSimulator.Deploy.0 = Release|Any CPU
		{4C1A3DD2-BE73-4494-95CA-B485A8D8236B}.Release|x64.ActiveCfg = Release|Any CPU
		{4C1A3DD2-BE73-4494-95CA-B485A8D8236B}.Release|x64.Build.0 = Release|Any CPU
		{4C1A3DD2-BE73-4494-95CA-B485A8D8236B}.Release|x64.Deploy.0 = Release|Any CPU
		{4C1A3DD2-BE73-4494-95CA-B485A8D8236B}.Release|x86.ActiveCfg = Release|Any CPU
		{4C1A3DD2-BE73-4494-95CA-B485A8D8236B}.Release|x86.Build.0 = Release|Any CPU
		{4C1A3DD2-BE73-4494-95CA-B485A8D8236B}.Release|x86.Deploy.0 = Release|Any CPU
	EndGlobalSection
	GlobalSection(SolutionProperties) = preSolution
		HideSolutionNode = FALSE
	EndGlobalSection
	GlobalSection(ExtensibilityGlobals) = postSolution
		SolutionGuid = {880333CA-4DB8-4745-BF1B-0FD0EC838C69}
	EndGlobalSection
EndGlobal
